// !$*UTF8*$!
{
	archiveVersion = 1;
	classes = {
	};
	objectVersion = 50;
	objects = {

/* Begin PBXBuildFile section */
		1F781DEC25B0A9C30090FE42 /* Beacons.swift in Sources */ = {isa = PBXBuildFile; fileRef = 1F781DEB25B0A9C30090FE42 /* Beacons.swift */; };
		1F781DEF25B0B0A10090FE42 /* IBeaconsTableViewController.swift in Sources */ = {isa = PBXBuildFile; fileRef = 1F781DEE25B0B0A10090FE42 /* IBeaconsTableViewController.swift */; };
		1F781DF125B0B7140090FE42 /* PerviousViewController.swift in Sources */ = {isa = PBXBuildFile; fileRef = 1F781DF025B0B7140090FE42 /* PerviousViewController.swift */; };
		1F781DF425B0C2B80090FE42 /* iBeaconTableViewCell.swift in Sources */ = {isa = PBXBuildFile; fileRef = 1F781DF325B0C2B80090FE42 /* iBeaconTableViewCell.swift */; };
		1F781DF625B448C30090FE42 /* iBeaconViewController.swift in Sources */ = {isa = PBXBuildFile; fileRef = 1F781DF525B448C30090FE42 /* iBeaconViewController.swift */; };
		1F781DF825B5A4870090FE42 /* BLE.swift in Sources */ = {isa = PBXBuildFile; fileRef = 1F781DF725B5A4870090FE42 /* BLE.swift */; };
		1F781DFA25B5B13F0090FE42 /* BLETableViewController.swift in Sources */ = {isa = PBXBuildFile; fileRef = 1F781DF925B5B13F0090FE42 /* BLETableViewController.swift */; };
		1F781DFC25B5B1C90090FE42 /* BLETableViewCell.swift in Sources */ = {isa = PBXBuildFile; fileRef = 1F781DFB25B5B1C90090FE42 /* BLETableViewCell.swift */; };
		1FD5ED6D25B0955B00591526 /* AppDelegate.swift in Sources */ = {isa = PBXBuildFile; fileRef = 1FD5ED6C25B0955B00591526 /* AppDelegate.swift */; };
		1FD5ED6F25B0955B00591526 /* ViewController.swift in Sources */ = {isa = PBXBuildFile; fileRef = 1FD5ED6E25B0955B00591526 /* ViewController.swift */; };
		1FD5ED7425B0955B00591526 /* Assets.xcassets in Resources */ = {isa = PBXBuildFile; fileRef = 1FD5ED7325B0955B00591526 /* Assets.xcassets */; };
		1FD5ED7725B0955B00591526 /* LaunchScreen.storyboard in Resources */ = {isa = PBXBuildFile; fileRef = 1FD5ED7525B0955B00591526 /* LaunchScreen.storyboard */; };
/* End PBXBuildFile section */

/* Begin PBXFileReference section */
		1F781DEB25B0A9C30090FE42 /* Beacons.swift */ = {isa = PBXFileReference; lastKnownFileType = sourcecode.swift; path = Beacons.swift; sourceTree = "<group>"; };
		1F781DEE25B0B0A10090FE42 /* IBeaconsTableViewController.swift */ = {isa = PBXFileReference; lastKnownFileType = sourcecode.swift; path = IBeaconsTableViewController.swift; sourceTree = "<group>"; };
		1F781DF025B0B7140090FE42 /* PerviousViewController.swift */ = {isa = PBXFileReference; lastKnownFileType = sourcecode.swift; path = PerviousViewController.swift; sourceTree = "<group>"; };
		1F781DF325B0C2B80090FE42 /* iBeaconTableViewCell.swift */ = {isa = PBXFileReference; lastKnownFileType = sourcecode.swift; path = iBeaconTableViewCell.swift; sourceTree = "<group>"; };
		1F781DF525B448C30090FE42 /* iBeaconViewController.swift */ = {isa = PBXFileReference; lastKnownFileType = sourcecode.swift; path = iBeaconViewController.swift; sourceTree = "<group>"; };
		1F781DF725B5A4870090FE42 /* BLE.swift */ = {isa = PBXFileReference; lastKnownFileType = sourcecode.swift; path = BLE.swift; sourceTree = "<group>"; };
		1F781DF925B5B13F0090FE42 /* BLETableViewController.swift */ = {isa = PBXFileReference; lastKnownFileType = sourcecode.swift; path = BLETableViewController.swift; sourceTree = "<group>"; };
		1F781DFB25B5B1C90090FE42 /* BLETableViewCell.swift */ = {isa = PBXFileReference; lastKnownFileType = sourcecode.swift; path = BLETableViewCell.swift; sourceTree = "<group>"; };
		1FD5ED6925B0955B00591526 /* iBeaconTask.app */ = {isa = PBXFileReference; explicitFileType = wrapper.application; includeInIndex = 0; path = iBeaconTask.app; sourceTree = BUILT_PRODUCTS_DIR; };
		1FD5ED6C25B0955B00591526 /* AppDelegate.swift */ = {isa = PBXFileReference; lastKnownFileType = sourcecode.swift; path = AppDelegate.swift; sourceTree = "<group>"; };
		1FD5ED6E25B0955B00591526 /* ViewController.swift */ = {isa = PBXFileReference; lastKnownFileType = sourcecode.swift; path = ViewController.swift; sourceTree = "<group>"; };
		1FD5ED7325B0955B00591526 /* Assets.xcassets */ = {isa = PBXFileReference; lastKnownFileType = folder.assetcatalog; path = Assets.xcassets; sourceTree = "<group>"; };
		1FD5ED7625B0955B00591526 /* Base */ = {isa = PBXFileReference; lastKnownFileType = file.storyboard; name = Base; path = Base.lproj/LaunchScreen.storyboard; sourceTree = "<group>"; };
		1FD5ED7825B0955B00591526 /* Info.plist */ = {isa = PBXFileReference; lastKnownFileType = text.plist.xml; path = Info.plist; sourceTree = "<group>"; };
/* End PBXFileReference section */

/* Begin PBXFrameworksBuildPhase section */
		1FD5ED6625B0955B00591526 /* Frameworks */ = {
			isa = PBXFrameworksBuildPhase;
			buildActionMask = 2147483647;
			files = (
			);
			runOnlyForDeploymentPostprocessing = 0;
		};
/* End PBXFrameworksBuildPhase section */

/* Begin PBXGroup section */
		1F781DEA25B0A98B0090FE42 /* Models */ = {
			isa = PBXGroup;
			children = (
				1F781DEB25B0A9C30090FE42 /* Beacons.swift */,
				1F781DF725B5A4870090FE42 /* BLE.swift */,
			);
			path = Models;
			sourceTree = "<group>";
		};
		1F781DED25B0B0300090FE42 /* Controllers */ = {
			isa = PBXGroup;
			children = (
				1F781DF025B0B7140090FE42 /* PerviousViewController.swift */,
				1F781DEE25B0B0A10090FE42 /* IBeaconsTableViewController.swift */,
				1F781DF525B448C30090FE42 /* iBeaconViewController.swift */,
				1F781DF925B5B13F0090FE42 /* BLETableViewController.swift */,
			);
			path = Controllers;
			sourceTree = "<group>";
		};
		1F781DF225B0C29B0090FE42 /* Views */ = {
			isa = PBXGroup;
			children = (
				1F781DF325B0C2B80090FE42 /* iBeaconTableViewCell.swift */,
				1F781DFB25B5B1C90090FE42 /* BLETableViewCell.swift */,
			);
			path = Views;
			sourceTree = "<group>";
		};
		1FD5ED6025B0955B00591526 = {
			isa = PBXGroup;
			children = (
				1FD5ED6B25B0955B00591526 /* iBeaconTask */,
				1FD5ED6A25B0955B00591526 /* Products */,
			);
			sourceTree = "<group>";
		};
		1FD5ED6A25B0955B00591526 /* Products */ = {
			isa = PBXGroup;
			children = (
				1FD5ED6925B0955B00591526 /* iBeaconTask.app */,
			);
			name = Products;
			sourceTree = "<group>";
		};
		1FD5ED6B25B0955B00591526 /* iBeaconTask */ = {
			isa = PBXGroup;
			children = (
				1F781DEA25B0A98B0090FE42 /* Models */,
				1F781DF225B0C29B0090FE42 /* Views */,
				1F781DED25B0B0300090FE42 /* Controllers */,
				1FD5ED6C25B0955B00591526 /* AppDelegate.swift */,
				1FD5ED6E25B0955B00591526 /* ViewController.swift */,
				1FD5ED7325B0955B00591526 /* Assets.xcassets */,
				1FD5ED7525B0955B00591526 /* LaunchScreen.storyboard */,
				1FD5ED7825B0955B00591526 /* Info.plist */,
			);
			path = iBeaconTask;
			sourceTree = "<group>";
		};
/* End PBXGroup section */

/* Begin PBXNativeTarget section */
		1FD5ED6825B0955B00591526 /* iBeaconTask */ = {
			isa = PBXNativeTarget;
			buildConfigurationList = 1FD5ED7B25B0955B00591526 /* Build configuration list for PBXNativeTarget "iBeaconTask" */;
			buildPhases = (
				1FD5ED6525B0955B00591526 /* Sources */,
				1FD5ED6625B0955B00591526 /* Frameworks */,
				1FD5ED6725B0955B00591526 /* Resources */,
			);
			buildRules = (
			);
			dependencies = (
			);
			name = iBeaconTask;
			productName = iBeaconTask;
			productReference = 1FD5ED6925B0955B00591526 /* iBeaconTask.app */;
			productType = "com.apple.product-type.application";
		};
/* End PBXNativeTarget section */

/* Begin PBXProject section */
		1FD5ED6125B0955B00591526 /* Project object */ = {
			isa = PBXProject;
			attributes = {
				LastSwiftUpdateCheck = 1010;
				LastUpgradeCheck = 1010;
				ORGANIZATIONNAME = "Aleksandr Shushkov";
				TargetAttributes = {
					1FD5ED6825B0955B00591526 = {
						CreatedOnToolsVersion = 10.1;
					};
				};
			};
			buildConfigurationList = 1FD5ED6425B0955B00591526 /* Build configuration list for PBXProject "iBeaconTask" */;
			compatibilityVersion = "Xcode 9.3";
			developmentRegion = en;
			hasScannedForEncodings = 0;
			knownRegions = (
				en,
				Base,
			);
			mainGroup = 1FD5ED6025B0955B00591526;
			productRefGroup = 1FD5ED6A25B0955B00591526 /* Products */;
			projectDirPath = "";
			projectRoot = "";
			targets = (
				1FD5ED6825B0955B00591526 /* iBeaconTask */,
			);
		};
/* End PBXProject section */

/* Begin PBXResourcesBuildPhase section */
		1FD5ED6725B0955B00591526 /* Resources */ = {
			isa = PBXResourcesBuildPhase;
			buildActionMask = 2147483647;
			files = (
				1FD5ED7725B0955B00591526 /* LaunchScreen.storyboard in Resources */,
				1FD5ED7425B0955B00591526 /* Assets.xcassets in Resources */,
			);
			runOnlyForDeploymentPostprocessing = 0;
		};
/* End PBXResourcesBuildPhase section */

/* Begin PBXSourcesBuildPhase section */
		1FD5ED6525B0955B00591526 /* Sources */ = {
			isa = PBXSourcesBuildPhase;
			buildActionMask = 2147483647;
			files = (
				1F781DEC25B0A9C30090FE42 /* Beacons.swift in Sources */,
				1F781DEF25B0B0A10090FE42 /* IBeaconsTableViewController.swift in Sources */,
				1F781DF125B0B7140090FE42 /* PerviousViewController.swift in Sources */,
				1F781DFC25B5B1C90090FE42 /* BLETableViewCell.swift in Sources */,
				1F781DFA25B5B13F0090FE42 /* BLETableViewController.swift in Sources */,
				1FD5ED6F25B0955B00591526 /* ViewController.swift in Sources */,
				1FD5ED6D25B0955B00591526 /* AppDelegate.swift in Sources */,
				1F781DF425B0C2B80090FE42 /* iBeaconTableViewCell.swift in Sources */,
				1F781DF625B448C30090FE42 /* iBeaconViewController.swift in Sources */,
				1F781DF825B5A4870090FE42 /* BLE.swift in Sources */,
			);
			runOnlyForDeploymentPostprocessing = 0;
		};
/* End PBXSourcesBuildPhase section */

/* Begin PBXVariantGroup section */
		1FD5ED7525B0955B00591526 /* LaunchScreen.storyboard */ = {
			isa = PBXVariantGroup;
			children = (
				1FD5ED7625B0955B00591526 /* Base */,
			);
			name = LaunchScreen.storyboard;
			sourceTree = "<group>";
		};
/* End PBXVariantGroup section */

/* Begin XCBuildConfiguration section */
		1FD5ED7925B0955B00591526 /* Debug */ = {
			isa = XCBuildConfiguration;
			buildSettings = {
				ALWAYS_SEARCH_USER_PATHS = NO;
				CLANG_ANALYZER_NONNULL = YES;
				CLANG_ANALYZER_NUMBER_OBJECT_CONVERSION = YES_AGGRESSIVE;
				CLANG_CXX_LANGUAGE_STANDARD = "gnu++14";
				CLANG_CXX_LIBRARY = "libc++";
				CLANG_ENABLE_MODULES = YES;
				CLANG_ENABLE_OBJC_ARC = YES;
				CLANG_ENABLE_OBJC_WEAK = YES;
				CLANG_WARN_BLOCK_CAPTURE_AUTORELEASING = YES;
				CLANG_WARN_BOOL_CONVERSION = YES;
				CLANG_WARN_COMMA = YES;
				CLANG_WARN_CONSTANT_CONVERSION = YES;
				CLANG_WARN_DEPRECATED_OBJC_IMPLEMENTATIONS = YES;
				CLANG_WARN_DIRECT_OBJC_ISA_USAGE = YES_ERROR;
				CLANG_WARN_DOCUMENTATION_COMMENTS = YES;
				CLANG_WARN_EMPTY_BODY = YES;
				CLANG_WARN_ENUM_CONVERSION = YES;
				CLANG_WARN_INFINITE_RECURSION = YES;
				CLANG_WARN_INT_CONVERSION = YES;
				CLANG_WARN_NON_LITERAL_NULL_CONVERSION = YES;
				CLANG_WARN_OBJC_IMPLICIT_RETAIN_SELF = YES;
				CLANG_WARN_OBJC_LITERAL_CONVERSION = YES;
				CLANG_WARN_OBJC_ROOT_CLASS = YES_ERROR;
				CLANG_WARN_RANGE_LOOP_ANALYSIS = YES;
				CLANG_WARN_STRICT_PROTOTYPES = YES;
				CLANG_WARN_SUSPICIOUS_MOVE = YES;
				CLANG_WARN_UNGUARDED_AVAILABILITY = YES_AGGRESSIVE;
				CLANG_WARN_UNREACHABLE_CODE = YES;
				CLANG_WARN__DUPLICATE_METHOD_MATCH = YES;
				CODE_SIGN_IDENTITY = "iPhone Developer";
				COPY_PHASE_STRIP = NO;
				DEBUG_INFORMATION_FORMAT = dwarf;
				ENABLE_STRICT_OBJC_MSGSEND = YES;
				ENABLE_TESTABILITY = YES;
				GCC_C_LANGUAGE_STANDARD = gnu11;
				GCC_DYNAMIC_NO_PIC = NO;
				GCC_NO_COMMON_BLOCKS = YES;
				GCC_OPTIMIZATION_LEVEL = 0;
				GCC_PREPROCESSOR_DEFINITIONS = (
					"DEBUG=1",
					"$(inherited)",
				);
				GCC_WARN_64_TO_32_BIT_CONVERSION = YES;
				GCC_WARN_ABOUT_RETURN_TYPE = YES_ERROR;
				GCC_WARN_UNDECLARED_SELECTOR = YES;
				GCC_WARN_UNINITIALIZED_AUTOS = YES_AGGRESSIVE;
				GCC_WARN_UNUSED_FUNCTION = YES;
				GCC_WARN_UNUSED_VARIABLE = YES;
				IPHONEOS_DEPLOYMENT_TARGET = 12.1;
				MTL_ENABLE_DEBUG_INFO = INCLUDE_SOURCE;
				MTL_FAST_MATH = YES;
				ONLY_ACTIVE_ARCH = YES;
				SDKROOT = iphoneos;
				SWIFT_ACTIVE_COMPILATION_CONDITIONS = DEBUG;
				SWIFT_OPTIMIZATION_LEVEL = "-Onone";
			};
			name = Debug;
		};
		1FD5ED7A25B0955B00591526 /* Release */ = {
			isa = XCBuildConfiguration;
			buildSettings = {
				ALWAYS_SEARCH_USER_PATHS = NO;
				CLANG_ANALYZER_NONNULL = YES;
				CLANG_ANALYZER_NUMBER_OBJECT_CONVERSION = YES_AGGRESSIVE;
				CLANG_CXX_LANGUAGE_STANDARD = "gnu++14";
				CLANG_CXX_LIBRARY = "libc++";
				CLANG_ENABLE_MODULES = YES;
				CLANG_ENABLE_OBJC_ARC = YES;
				CLANG_ENABLE_OBJC_WEAK = YES;
				CLANG_WARN_BLOCK_CAPTURE_AUTORELEASING = YES;
				CLANG_WARN_BOOL_CONVERSION = YES;
				CLANG_WARN_COMMA = YES;
				CLANG_WARN_CONSTANT_CONVERSION = YES;
				CLANG_WARN_DEPRECATED_OBJC_IMPLEMENTATIONS = YES;
				CLANG_WARN_DIRECT_OBJC_ISA_USAGE = YES_ERROR;
				CLANG_WARN_DOCUMENTATION_COMMENTS = YES;
				CLANG_WARN_EMPTY_BODY = YES;
				CLANG_WARN_ENUM_CONVERSION = YES;
				CLANG_WARN_INFINITE_RECURSION = YES;
				CLANG_WARN_INT_CONVERSION = YES;
				CLANG_WARN_NON_LITERAL_NULL_CONVERSION = YES;
				CLANG_WARN_OBJC_IMPLICIT_RETAIN_SELF = YES;
				CLANG_WARN_OBJC_LITERAL_CONVERSION = YES;
				CLANG_WARN_OBJC_ROOT_CLASS = YES_ERROR;
				CLANG_WARN_RANGE_LOOP_ANALYSIS = YES;
				CLANG_WARN_STRICT_PROTOTYPES = YES;
				CLANG_WARN_SUSPICIOUS_MOVE = YES;
				CLANG_WARN_UNGUARDED_AVAILABILITY = YES_AGGRESSIVE;
				CLANG_WARN_UNREACHABLE_CODE = YES;
				CLANG_WARN__DUPLICATE_METHOD_MATCH = YES;
				CODE_SIGN_IDENTITY = "iPhone Developer";
				COPY_PHASE_STRIP = NO;
				DEBUG_INFORMATION_FORMAT = "dwarf-with-dsym";
				ENABLE_NS_ASSERTIONS = NO;
				ENABLE_STRICT_OBJC_MSGSEND = YES;
				GCC_C_LANGUAGE_STANDARD = gnu11;
				GCC_NO_COMMON_BLOCKS = YES;
				GCC_WARN_64_TO_32_BIT_CONVERSION = YES;
				GCC_WARN_ABOUT_RETURN_TYPE = YES_ERROR;
				GCC_WARN_UNDECLARED_SELECTOR = YES;
				GCC_WARN_UNINITIALIZED_AUTOS = YES_AGGRESSIVE;
				GCC_WARN_UNUSED_FUNCTION = YES;
				GCC_WARN_UNUSED_VARIABLE = YES;
				IPHONEOS_DEPLOYMENT_TARGET = 12.1;
				MTL_ENABLE_DEBUG_INFO = NO;
				MTL_FAST_MATH = YES;
				SDKROOT = iphoneos;
				SWIFT_COMPILATION_MODE = wholemodule;
				SWIFT_OPTIMIZATION_LEVEL = "-O";
				VALIDATE_PRODUCT = YES;
			};
			name = Release;
		};
		1FD5ED7C25B0955B00591526 /* Debug */ = {
			isa = XCBuildConfiguration;
			buildSettings = {
				ASSETCATALOG_COMPILER_APPICON_NAME = AppIcon;
				CODE_SIGN_STYLE = Automatic;
				DEVELOPMENT_TEAM = T3599UP2ZB;
				INFOPLIST_FILE = iBeaconTask/Info.plist;
				LD_RUNPATH_SEARCH_PATHS = (
					"$(inherited)",
					"@executable_path/Frameworks",
				);
				PRODUCT_BUNDLE_IDENTIFIER = com.aleksandrshuskov.iBeaconTask;
				PRODUCT_NAME = "$(TARGET_NAME)";
				SWIFT_VERSION = 4.2;
				TARGETED_DEVICE_FAMILY = 1;
			};
			name = Debug;
		};
		1FD5ED7D25B0955B00591526 /* Release */ = {
			isa = XCBuildConfiguration;
			buildSettings = {
				ASSETCATALOG_COMPILER_APPICON_NAME = AppIcon;
				CODE_SIGN_STYLE = Automatic;
				DEVELOPMENT_TEAM = T3599UP2ZB;
				INFOPLIST_FILE = iBeaconTask/Info.plist;
				LD_RUNPATH_SEARCH_PATHS = (
					"$(inherited)",
					"@executable_path/Frameworks",
				);
				PRODUCT_BUNDLE_IDENTIFIER = com.aleksandrshuskov.iBeaconTask;
				PRODUCT_NAME = "$(TARGET_NAME)";
				SWIFT_VERSION = 4.2;
				TARGETED_DEVICE_FAMILY = 1;
			};
			name = Release;
		};
/* End XCBuildConfiguration section */

/* Begin XCConfigurationList section */
		1FD5ED6425B0955B00591526 /* Build configuration list for PBXProject "iBeaconTask" */ = {
			isa = XCConfigurationList;
			buildConfigurations = (
				1FD5ED7925B0955B00591526 /* Debug */,
				1FD5ED7A25B0955B00591526 /* Release */,
			);
			defaultConfigurationIsVisible = 0;
			defaultConfigurationName = Release;
		};
		1FD5ED7B25B0955B00591526 /* Build configuration list for PBXNativeTarget "iBeaconTask" */ = {
			isa = XCConfigurationList;
			buildConfigurations = (
				1FD5ED7C25B0955B00591526 /* Debug */,
				1FD5ED7D25B0955B00591526 /* Release */,
			);
			defaultConfigurationIsVisible = 0;
			defaultConfigurationName = Release;
		};
/* End XCConfigurationList section */
	};
	rootObject = 1FD5ED6125B0955B00591526 /* Project object */;
}
